{
    "_readme": [
        "This file locks the dependencies of your project to a known state",
        "Read more about it at https://getcomposer.org/doc/01-basic-usage.md#composer-lock-the-lock-file",
        "This file is @generated automatically"
    ],
    "content-hash": "1663e4d4e0dcf9ca20c140625d53912e",
    "packages": [
        {
            "name": "johnpbloch/wordpress-core",
            "version": "4.8.2",
            "source": {
                "type": "git",
                "url": "https://github.com/johnpbloch/wordpress-core.git",
                "reference": "706faa0d7b6b57a25d4acd18331dd71dfa6b01cf"
            },
            "dist": {
                "type": "zip",
                "url": "https://api.github.com/repos/johnpbloch/wordpress-core/zipball/706faa0d7b6b57a25d4acd18331dd71dfa6b01cf",
                "reference": "706faa0d7b6b57a25d4acd18331dd71dfa6b01cf",
                "shasum": ""
            },
            "require": {
                "php": ">=5.3.2"
            },
            "provide": {
                "wordpress/core-implementation": "4.8.2"
            },
            "type": "wordpress-core",
            "notification-url": "https://packagist.org/downloads/",
            "license": [
                "GPL-2.0+"
            ],
            "authors": [
                {
                    "name": "WordPress Community",
                    "homepage": "http://wordpress.org/about/"
                }
            ],
            "description": "WordPress is web software you can use to create a beautiful website or blog.",
            "homepage": "http://wordpress.org/",
            "keywords": [
                "blog",
                "cms",
                "wordpress"
            ],
            "time": "2017-09-19T22:27:11+00:00"
        },
        {
            "name": "twbs/bootstrap-sass",
            "version": "v3.3.7",
            "source": {
                "type": "git",
                "url": "https://github.com/twbs/bootstrap-sass.git",
                "reference": "5d6b2ebba0c2a5885ce2f0e01e9218db3d3b5e47"
            },
            "dist": {
                "type": "zip",
                "url": "https://api.github.com/repos/twbs/bootstrap-sass/zipball/5d6b2ebba0c2a5885ce2f0e01e9218db3d3b5e47",
                "reference": "5d6b2ebba0c2a5885ce2f0e01e9218db3d3b5e47",
                "shasum": ""
            },
            "type": "library",
            "extra": {
                "branch-alias": {
                    "dev-master": "3.3.x-dev"
                }
            },
            "notification-url": "https://packagist.org/downloads/",
            "license": [
                "MIT"
            ],
            "authors": [
                {
                    "name": "Mark Otto"
                },
                {
                    "name": "Thomas McDonald"
                },
                {
                    "name": "Tristan Harward"
                },
                {
                    "name": "Peter Gumeson"
                },
                {
                    "name": "Gleb Mazovetskiy"
                },
                {
                    "name": "Jacob Thornton"
                }
            ],
            "description": "bootstrap-sass is a Sass-powered version of Bootstrap 3, ready to drop right into your Sass powered applications.",
            "homepage": "http://github.com/twbs/bootstrap-sass",
            "keywords": [
                "bootstrap",
                "css",
                "sass"
            ],
            "time": "2016-07-25T19:58:53+00:00"
        },
        {
            "name": "wythenshawe-community-farm/wp-plugin-our-animals",
            "version": "dev-master",
            "source": {
                "type": "git",
                "url": "https://github.com/wythenshawe-community-farm/wp-plugin-our-animals.git",
                "reference": "5b93d9a23203ba5983e1024df577f89b60859d75"
            },
            "dist": {
                "type": "zip",
                "url": "https://api.github.com/repos/wythenshawe-community-farm/wp-plugin-our-animals/zipball/5b93d9a23203ba5983e1024df577f89b60859d75",
                "reference": "5b93d9a23203ba5983e1024df577f89b60859d75",
                "shasum": ""
            },
            "require": {
                "johnpbloch/wordpress-core": "^4.8"
            },
            "type": "wordpress-plugin",
            "license": [
                "GPL-3.0+"
            ],
            "authors": [
                {
                    "name": "Toby Griffiths",
                    "email": "toby@cubicmushroom.co.uk"
                }
            ],
            "description": "Enables support for Our Animals",
            "support": {
                "source": "https://github.com/wythenshawe-community-farm/wp-plugin-our-animals/tree/master",
                "issues": "https://github.com/wythenshawe-community-farm/wp-plugin-our-animals/issues"
            },
            "time": "2017-10-20 09:02:48"
        }
    ],
    "packages-dev": [],
    "aliases": [],
    "minimum-stability": "dev",
    "stability-flags": {
        "wythenshawe-community-farm/wp-plugin-our-animals": 20
    },
    "prefer-stable": true,
    "prefer-lowest": false,
    "platform": [],
    "platform-dev": []
}
